
Microsoft Visual Studio Solution File, Format Version 12.00
# Visual Studio Version 17
VisualStudioVersion = 17.6.33829.357
MinimumVisualStudioVersion = 10.0.40219.1
Project("{9A19103F-16F7-4668-BE54-9A1E7A4F7556}") = "NecropolisQol", "NecropolisQol.csproj", "{2A2D5A99-BABD-499A-89D9-70A37039D66A}"
EndProject
Global
	GlobalSection(SolutionConfigurationPlatforms) = preSolution
		Debug|Any CPU = Debug|Any CPU
		Release|Any CPU = Release|Any CPU
	EndGlobalSection
	GlobalSection(ProjectConfigurationPlatforms) = postSolution
		{2A2D5A99-BABD-499A-89D9-70A37039D66A}.Debug|Any CPU.ActiveCfg = Debug|Any CPU
		{2A2D5A99-BABD-499A-89D9-70A37039D66A}.Debug|Any CPU.Build.0 = Debug|Any CPU
		{2A2D5A99-BABD-499A-89D9-70A37039D66A}.Release|Any CPU.ActiveCfg = Release|Any CPU
		{2A2D5A99-BABD-499A-89D9-70A37039D66A}.Release|Any CPU.Build.0 = Release|Any CPU
	EndGlobalSection
	GlobalSection(SolutionProperties) = preSolution
		HideSolutionNode = FALSE
	EndGlobalSection
	GlobalSection(ExtensibilityGlobals) = postSolution
		SolutionGuid = {F1E139F7-9E9C-4BB4-BB04-9CC7CE2ADC0C}
	EndGlobalSection
EndGlobal
